// !$*UTF8*$!
{
	archiveVersion = 1;
	classes = {
	};
	objectVersion = 77;
	objects = {

/* Begin PBXContainerItemProxy section */
		7FB7176D2EEF01F700553706 /* PBXContainerItemProxy */ = {
			isa = PBXContainerItemProxy;
			containerPortal = 7FB717572EEF01F600553706 /* Project object */;
			proxyType = 1;
			remoteGlobalIDString = 7FB7175E2EEF01F600553706;
			remoteInfo = LingoLearn;
		};
		7FB717772EEF01F700553706 /* PBXContainerItemProxy */ = {
			isa = PBXContainerItemProxy;
			containerPortal = 7FB717572EEF01F600553706 /* Project object */;
			proxyType = 1;
			remoteGlobalIDString = 7FB7175E2EEF01F600553706;
			remoteInfo = LingoLearn;
		};
/* End PBXContainerItemProxy section */

/* Begin PBXBuildFile section */
		969E4BF42C30442EA1599ABF /* cet4_words.json in Resources */ = {isa = PBXBuildFile; fileRef = 3CF8D23D9FD248978AF7E25F /* cet4_words.json */; };
		67D7FEB3D7C04DDE99115C86 /* cet6_words.json in Resources */ = {isa = PBXBuildFile; fileRef = AC1A27EDF7034ED5857B2A8E /* cet6_words.json */; };
/* End PBXBuildFile section */

/* Begin PBXFileReference section */
		3CF8D23D9FD248978AF7E25F /* cet4_words.json */ = {isa = PBXFileReference; lastKnownFileType = text.json; path = cet4_words.json; sourceTree = "<group>"; };
		7FB7175F2EEF01F600553706 /* LingoLearn.app */ = {isa = PBXFileReference; explicitFileType = wrapper.application; includeInIndex = 0; path = LingoLearn.app; sourceTree = BUILT_PRODUCTS_DIR; };
		7FB7176C2EEF01F700553706 /* LingoLearnTests.xctest */ = {isa = PBXFileReference; explicitFileType = wrapper.cfbundle; includeInIndex = 0; path = LingoLearnTests.xctest; sourceTree = BUILT_PRODUCTS_DIR; };
		7FB717762EEF01F700553706 /* LingoLearnUITests.xctest */ = {isa = PBXFileReference; explicitFileType = wrapper.cfbundle; includeInIndex = 0; path = LingoLearnUITests.xctest; sourceTree = BUILT_PRODUCTS_DIR; };
		AC1A27EDF7034ED5857B2A8E /* cet6_words.json */ = {isa = PBXFileReference; lastKnownFileType = text.json; path = cet6_words.json; sourceTree = "<group>"; };
/* End PBXFileReference section */

/* Begin PBXFileSystemSynchronizedRootGroup section */
		7FB717612EEF01F600553706 /* LingoLearn */ = {
			isa = PBXFileSystemSynchronizedRootGroup;
			path = LingoLearn;
			sourceTree = "<group>";
		};
		7FB7176F2EEF01F700553706 /* LingoLearnTests */ = {
			isa = PBXFileSystemSynchronizedRootGroup;
			path = LingoLearnTests;
			sourceTree = "<group>";
		};
		7FB717792EEF01F700553706 /* LingoLearnUITests */ = {
			isa = PBXFileSystemSynchronizedRootGroup;
			path = LingoLearnUITests;
			sourceTree = "<group>";
		};
/* End PBXFileSystemSynchronizedRootGroup section */

/* Begin PBXFrameworksBuildPhase section */
		7FB7175C2EEF01F600553706 /* Frameworks */ = {
			isa = PBXFrameworksBuildPhase;
			buildActionMask = 2147483647;
			files = (
			);
			runOnlyForDeploymentPostprocessing = 0;
		};
		7FB717692EEF01F700553706 /* Frameworks */ = {
			isa = PBXFrameworksBuildPhase;
			buildActionMask = 2147483647;
			files = (
			);
			runOnlyForDeploymentPostprocessing = 0;
		};
		7FB717732EEF01F700553706 /* Frameworks */ = {
			isa = PBXFrameworksBuildPhase;
			buildActionMask = 2147483647;
			files = (
			);
			runOnlyForDeploymentPostprocessing = 0;
		};
/* End PBXFrameworksBuildPhase section */

/* Begin PBXGroup section */
		1AD8716A67C44C7F92199C71 /* Resources */ = {
			isa = PBXGroup;
			children = (
				594BE48AB86F425D963C5A11 /* Words */,
			);
			path = LingoLearn/Resources;
			sourceTree = "<group>";
		};
		594BE48AB86F425D963C5A11 /* Words */ = {
			isa = PBXGroup;
			children = (
				3CF8D23D9FD248978AF7E25F /* cet4_words.json */,
				AC1A27EDF7034ED5857B2A8E /* cet6_words.json */,
			);
			path = Words;
			sourceTree = "<group>";
		};
		7FB717562EEF01F600553706 = {
			isa = PBXGroup;
			children = (
				7FB717612EEF01F600553706 /* LingoLearn */,
				1AD8716A67C44C7F92199C71 /* Resources */,
				7FB7176F2EEF01F700553706 /* LingoLearnTests */,
				7FB717792EEF01F700553706 /* LingoLearnUITests */,
				7FB717602EEF01F600553706 /* Products */,
			);
			sourceTree = "<group>";
		};
		7FB717602EEF01F600553706 /* Products */ = {
			isa = PBXGroup;
			children = (
				7FB7175F2EEF01F600553706 /* LingoLearn.app */,
				7FB7176C2EEF01F700553706 /* LingoLearnTests.xctest */,
				7FB717762EEF01F700553706 /* LingoLearnUITests.xctest */,
			);
			name = Products;
			sourceTree = "<group>";
		};
/* End PBXGroup section */

/* Begin PBXNativeTarget section */
		7FB7175E2EEF01F600553706 /* LingoLearn */ = {
			isa = PBXNativeTarget;
			buildConfigurationList = 7FB717802EEF01F700553706 /* Build configuration list for PBXNativeTarget "LingoLearn" */;
			buildPhases = (
				7FB7175B2EEF01F600553706 /* Sources */,
				7FB7175C2EEF01F600553706 /* Frameworks */,
				7FB7175D2EEF01F600553706 /* Resources */,
			);
			buildRules = (
			);
			dependencies = (
			);
			fileSystemSynchronizedGroups = (
				7FB717612EEF01F600553706 /* LingoLearn */,
			);
			name = LingoLearn;
			packageProductDependencies = (
			);
			productName = LingoLearn;
			productReference = 7FB7175F2EEF01F600553706 /* LingoLearn.app */;
			productType = "com.apple.product-type.application";
		};
		7FB7176B2EEF01F700553706 /* LingoLearnTests */ = {
			isa = PBXNativeTarget;
			buildConfigurationList = 7FB717832EEF01F700553706 /* Build configuration list for PBXNativeTarget "LingoLearnTests" */;
			buildPhases = (
				7FB717682EEF01F700553706 /* Sources */,
				7FB717692EEF01F700553706 /* Frameworks */,
				7FB7176A2EEF01F700553706 /* Resources */,
			);
			buildRules = (
			);
			dependencies = (
				7FB7176E2EEF01F700553706 /* PBXTargetDependency */,
			);
			fileSystemSynchronizedGroups = (
				7FB7176F2EEF01F700553706 /* LingoLearnTests */,
			);
			name = LingoLearnTests;
			packageProductDependencies = (
			);
			productName = LingoLearnTests;
			productReference = 7FB7176C2EEF01F700553706 /* LingoLearnTests.xctest */;
			productType = "com.apple.product-type.bundle.unit-test";
		};
		7FB717752EEF01F700553706 /* LingoLearnUITests */ = {
			isa = PBXNativeTarget;
			buildConfigurationList = 7FB717862EEF01F700553706 /* Build configuration list for PBXNativeTarget "LingoLearnUITests" */;
			buildPhases = (
				7FB717722EEF01F700553706 /* Sources */,
				7FB717732EEF01F700553706 /* Frameworks */,
				7FB717742EEF01F700553706 /* Resources */,
			);
			buildRules = (
			);
			dependencies = (
				7FB717782EEF01F700553706 /* PBXTargetDependency */,
			);
			fileSystemSynchronizedGroups = (
				7FB717792EEF01F700553706 /* LingoLearnUITests */,
			);
			name = LingoLearnUITests;
			packageProductDependencies = (
			);
			productName = LingoLearnUITests;
			productReference = 7FB717762EEF01F700553706 /* LingoLearnUITests.xctest */;
			productType = "com.apple.product-type.bundle.ui-testing";
		};
/* End PBXNativeTarget section */

/* Begin PBXProject section */
		7FB717572EEF01F600553706 /* Project object */ = {
			isa = PBXProject;
			attributes = {
				BuildIndependentTargetsInParallel = 1;
				LastSwiftUpdateCheck = 2600;
				LastUpgradeCheck = 2600;
				TargetAttributes = {
					7FB7175E2EEF01F600553706 = {
						CreatedOnToolsVersion = 26.0;
					};
					7FB7176B2EEF01F700553706 = {
						CreatedOnToolsVersion = 26.0;
						TestTargetID = 7FB7175E2EEF01F600553706;
					};
					7FB717752EEF01F700553706 = {
						CreatedOnToolsVersion = 26.0;
						TestTargetID = 7FB7175E2EEF01F600553706;
					};
				};
			};
			buildConfigurationList = 7FB7175A2EEF01F600553706 /* Build configuration list for PBXProject "LingoLearn" */;
			developmentRegion = en;
			hasScannedForEncodings = 0;
			knownRegions = (
				en,
				Base,
			);
			mainGroup = 7FB717562EEF01F600553706;
			minimizedProjectReferenceProxies = 1;
			preferredProjectObjectVersion = 77;
			productRefGroup = 7FB717602EEF01F600553706 /* Products */;
			projectDirPath = "";
			projectRoot = "";
			targets = (
				7FB7175E2EEF01F600553706 /* LingoLearn */,
				7FB7176B2EEF01F700553706 /* LingoLearnTests */,
				7FB717752EEF01F700553706 /* LingoLearnUITests */,
			);
		};
/* End PBXProject section */

/* Begin PBXResourcesBuildPhase section */
		7FB7175D2EEF01F600553706 /* Resources */ = {
			isa = PBXResourcesBuildPhase;
			buildActionMask = 2147483647;
			files = (
				969E4BF42C30442EA1599ABF /* cet4_words.json in Resources */,
				67D7FEB3D7C04DDE99115C86 /* cet6_words.json in Resources */,
			);
			runOnlyForDeploymentPostprocessing = 0;
		};
		7FB7176A2EEF01F700553706 /* Resources */ = {
			isa = PBXResourcesBuildPhase;
			buildActionMask = 2147483647;
			files = (
			);
			runOnlyForDeploymentPostprocessing = 0;
		};
		7FB717742EEF01F700553706 /* Resources */ = {
			isa = PBXResourcesBuildPhase;
			buildActionMask = 2147483647;
			files = (
			);
			runOnlyForDeploymentPostprocessing = 0;
		};
/* End PBXResourcesBuildPhase section */

/* Begin PBXSourcesBuildPhase section */
		7FB7175B2EEF01F600553706 /* Sources */ = {
			isa = PBXSourcesBuildPhase;
			buildActionMask = 2147483647;
			files = (
			);
			runOnlyForDeploymentPostprocessing = 0;
		};
		7FB717682EEF01F700553706 /* Sources */ = {
			isa = PBXSourcesBuildPhase;
			buildActionMask = 2147483647;
			files = (
			);
			runOnlyForDeploymentPostprocessing = 0;
		};
		7FB717722EEF01F700553706 /* Sources */ = {
			isa = PBXSourcesBuildPhase;
			buildActionMask = 2147483647;
			files = (
			);
			runOnlyForDeploymentPostprocessing = 0;
		};
/* End PBXSourcesBuildPhase section */

/* Begin PBXTargetDependency section */
		7FB7176E2EEF01F700553706 /* PBXTargetDependency */ = {
			isa = PBXTargetDependency;
			target = 7FB7175E2EEF01F600553706 /* LingoLearn */;
			targetProxy = 7FB7176D2EEF01F700553706 /* PBXContainerItemProxy */;
		};
		7FB717782EEF01F700553706 /* PBXTargetDependency */ = {
			isa = PBXTargetDependency;
			target = 7FB7175E2EEF01F600553706 /* LingoLearn */;
			targetProxy = 7FB717772EEF01F700553706 /* PBXContainerItemProxy */;
		};
/* End PBXTargetDependency section */

/* Begin XCBuildConfiguration section */
		7FB7177E2EEF01F700553706 /* Debug */ = {
			isa = XCBuildConfiguration;
			buildSettings = {
				ALWAYS_SEARCH_USER_PATHS = NO;
				ASSETCATALOG_COMPILER_GENERATE_SWIFT_ASSET_SYMBOL_EXTENSIONS = YES;
				CLANG_ANALYZER_NONNULL = YES;
				CLANG_ANALYZER_NUMBER_OBJECT_CONVERSION = YES_AGGRESSIVE;
				CLANG_CXX_LANGUAGE_STANDARD = "gnu++20";
				CLANG_ENABLE_MODULES = YES;
				CLANG_ENABLE_OBJC_ARC = YES;
				CLANG_ENABLE_OBJC_WEAK = YES;
				CLANG_WARN_BLOCK_CAPTURE_AUTORELEASING = YES;
				CLANG_WARN_BOOL_CONVERSION = YES;
				CLANG_WARN_COMMA = YES;
				CLANG_WARN_CONSTANT_CONVERSION = YES;
				CLANG_WARN_DEPRECATED_OBJC_IMPLEMENTATIONS = YES;
				CLANG_WARN_DIRECT_OBJC_ISA_USAGE = YES_ERROR;
				CLANG_WARN_DOCUMENTATION_COMMENTS = YES;
				CLANG_WARN_EMPTY_BODY = YES;
				CLANG_WARN_ENUM_CONVERSION = YES;
				CLANG_WARN_INFINITE_RECURSION = YES;
				CLANG_WARN_INT_CONVERSION = YES;
				CLANG_WARN_NON_LITERAL_NULL_CONVERSION = YES;
				CLANG_WARN_OBJC_IMPLICIT_RETAIN_SELF = YES;
				CLANG_WARN_OBJC_LITERAL_CONVERSION = YES;
				CLANG_WARN_OBJC_ROOT_CLASS = YES_ERROR;
				CLANG_WARN_QUOTED_INCLUDE_IN_FRAMEWORK_HEADER = YES;
				CLANG_WARN_RANGE_LOOP_ANALYSIS = YES;
				CLANG_WARN_STRICT_PROTOTYPES = YES;
				CLANG_WARN_SUSPICIOUS_MOVE = YES;
				CLANG_WARN_UNGUARDED_AVAILABILITY = YES_AGGRESSIVE;
				CLANG_WARN_UNREACHABLE_CODE = YES;
				CLANG_WARN__DUPLICATE_METHOD_MATCH = YES;
				COPY_PHASE_STRIP = NO;
				DEBUG_INFORMATION_FORMAT = dwarf;
				ENABLE_STRICT_OBJC_MSGSEND = YES;
				ENABLE_TESTABILITY = YES;
				ENABLE_USER_SCRIPT_SANDBOXING = YES;
				GCC_C_LANGUAGE_STANDARD = gnu17;
				GCC_DYNAMIC_NO_PIC = NO;
				GCC_NO_COMMON_BLOCKS = YES;
				GCC_OPTIMIZATION_LEVEL = 0;
				GCC_PREPROCESSOR_DEFINITIONS = (
					"DEBUG=1",
					"$(inherited)",
				);
				GCC_WARN_64_TO_32_BIT_CONVERSION = YES;
				GCC_WARN_ABOUT_RETURN_TYPE = YES_ERROR;
				GCC_WARN_UNDECLARED_SELECTOR = YES;
				GCC_WARN_UNINITIALIZED_AUTOS = YES_AGGRESSIVE;
				GCC_WARN_UNUSED_FUNCTION = YES;
				GCC_WARN_UNUSED_VARIABLE = YES;
				IPHONEOS_DEPLOYMENT_TARGET = 26.0;
				LOCALIZATION_PREFERS_STRING_CATALOGS = YES;
				MTL_ENABLE_DEBUG_INFO = INCLUDE_SOURCE;
				MTL_FAST_MATH = YES;
				ONLY_ACTIVE_ARCH = YES;
				SDKROOT = iphoneos;
				SWIFT_ACTIVE_COMPILATION_CONDITIONS = "DEBUG $(inherited)";
				SWIFT_OPTIMIZATION_LEVEL = "-Onone";
			};
			name = Debug;
		};
		7FB7177F2EEF01F700553706 /* Release */ = {
			isa = XCBuildConfiguration;
			buildSettings = {
				ALWAYS_SEARCH_USER_PATHS = NO;
				ASSETCATALOG_COMPILER_GENERATE_SWIFT_ASSET_SYMBOL_EXTENSIONS = YES;
				CLANG_ANALYZER_NONNULL = YES;
				CLANG_ANALYZER_NUMBER_OBJECT_CONVERSION = YES_AGGRESSIVE;
				CLANG_CXX_LANGUAGE_STANDARD = "gnu++20";
				CLANG_ENABLE_MODULES = YES;
				CLANG_ENABLE_OBJC_ARC = YES;
				CLANG_ENABLE_OBJC_WEAK = YES;
				CLANG_WARN_BLOCK_CAPTURE_AUTORELEASING = YES;
				CLANG_WARN_BOOL_CONVERSION = YES;
				CLANG_WARN_COMMA = YES;
				CLANG_WARN_CONSTANT_CONVERSION = YES;
				CLANG_WARN_DEPRECATED_OBJC_IMPLEMENTATIONS = YES;
				CLANG_WARN_DIRECT_OBJC_ISA_USAGE = YES_ERROR;
				CLANG_WARN_DOCUMENTATION_COMMENTS = YES;
				CLANG_WARN_EMPTY_BODY = YES;
				CLANG_WARN_ENUM_CONVERSION = YES;
				CLANG_WARN_INFINITE_RECURSION = YES;
				CLANG_WARN_INT_CONVERSION = YES;
				CLANG_WARN_NON_LITERAL_NULL_CONVERSION = YES;
				CLANG_WARN_OBJC_IMPLICIT_RETAIN_SELF = YES;
				CLANG_WARN_OBJC_LITERAL_CONVERSION = YES;
				CLANG_WARN_OBJC_ROOT_CLASS = YES_ERROR;
				CLANG_WARN_QUOTED_INCLUDE_IN_FRAMEWORK_HEADER = YES;
				CLANG_WARN_RANGE_LOOP_ANALYSIS = YES;
				CLANG_WARN_STRICT_PROTOTYPES = YES;
				CLANG_WARN_SUSPICIOUS_MOVE = YES;
				CLANG_WARN_UNGUARDED_AVAILABILITY = YES_AGGRESSIVE;
				CLANG_WARN_UNREACHABLE_CODE = YES;
				CLANG_WARN__DUPLICATE_METHOD_MATCH = YES;
				COPY_PHASE_STRIP = NO;
				DEBUG_INFORMATION_FORMAT = "dwarf-with-dsym";
				ENABLE_NS_ASSERTIONS = NO;
				ENABLE_STRICT_OBJC_MSGSEND = YES;
				ENABLE_USER_SCRIPT_SANDBOXING = YES;
				GCC_C_LANGUAGE_STANDARD = gnu17;
				GCC_NO_COMMON_BLOCKS = YES;
				GCC_WARN_64_TO_32_BIT_CONVERSION = YES;
				GCC_WARN_ABOUT_RETURN_TYPE = YES_ERROR;
				GCC_WARN_UNDECLARED_SELECTOR = YES;
				GCC_WARN_UNINITIALIZED_AUTOS = YES_AGGRESSIVE;
				GCC_WARN_UNUSED_FUNCTION = YES;
				GCC_WARN_UNUSED_VARIABLE = YES;
				IPHONEOS_DEPLOYMENT_TARGET = 26.0;
				LOCALIZATION_PREFERS_STRING_CATALOGS = YES;
				MTL_ENABLE_DEBUG_INFO = NO;
				MTL_FAST_MATH = YES;
				SDKROOT = iphoneos;
				SWIFT_COMPILATION_MODE = wholemodule;
				VALIDATE_PRODUCT = YES;
			};
			name = Release;
		};
		7FB717812EEF01F700553706 /* Debug */ = {
			isa = XCBuildConfiguration;
			buildSettings = {
				ASSETCATALOG_COMPILER_APPICON_NAME = AppIcon;
				ASSETCATALOG_COMPILER_GLOBAL_ACCENT_COLOR_NAME = AccentColor;
				CODE_SIGN_STYLE = Automatic;
				CURRENT_PROJECT_VERSION = 1;
				ENABLE_PREVIEWS = YES;
				GENERATE_INFOPLIST_FILE = YES;
				INFOPLIST_KEY_UIApplicationSceneManifest_Generation = YES;
				INFOPLIST_KEY_UIApplicationSupportsIndirectInputEvents = YES;
				INFOPLIST_KEY_UILaunchScreen_Generation = YES;
				INFOPLIST_KEY_UISupportedInterfaceOrientations_iPad = "UIInterfaceOrientationPortrait UIInterfaceOrientationPortraitUpsideDown UIInterfaceOrientationLandscapeLeft UIInterfaceOrientationLandscapeRight";
				INFOPLIST_KEY_UISupportedInterfaceOrientations_iPhone = "UIInterfaceOrientationPortrait UIInterfaceOrientationLandscapeLeft UIInterfaceOrientationLandscapeRight";
				LD_RUNPATH_SEARCH_PATHS = (
					"$(inherited)",
					"@executable_path/Frameworks",
				);
				MARKETING_VERSION = 1.0;
				PRODUCT_BUNDLE_IDENTIFIER = "AI---.LingoLearn";
				PRODUCT_NAME = "$(TARGET_NAME)";
				STRING_CATALOG_GENERATE_SYMBOLS = YES;
				SWIFT_APPROACHABLE_CONCURRENCY = YES;
				SWIFT_DEFAULT_ACTOR_ISOLATION = MainActor;
				SWIFT_EMIT_LOC_STRINGS = YES;
				SWIFT_UPCOMING_FEATURE_MEMBER_IMPORT_VISIBILITY = YES;
				SWIFT_VERSION = 5.0;
				TARGETED_DEVICE_FAMILY = "1,2";
			};
			name = Debug;
		};
		7FB717822EEF01F700553706 /* Release */ = {
			isa = XCBuildConfiguration;
			buildSettings = {
				ASSETCATALOG_COMPILER_APPICON_NAME = AppIcon;
				ASSETCATALOG_COMPILER_GLOBAL_ACCENT_COLOR_NAME = AccentColor;
				CODE_SIGN_STYLE = Automatic;
				CURRENT_PROJECT_VERSION = 1;
				ENABLE_PREVIEWS = YES;
				GENERATE_INFOPLIST_FILE = YES;
				INFOPLIST_KEY_UIApplicationSceneManifest_Generation = YES;
				INFOPLIST_KEY_UIApplicationSupportsIndirectInputEvents = YES;
				INFOPLIST_KEY_UILaunchScreen_Generation = YES;
				INFOPLIST_KEY_UISupportedInterfaceOrientations_iPad = "UIInterfaceOrientationPortrait UIInterfaceOrientationPortraitUpsideDown UIInterfaceOrientationLandscapeLeft UIInterfaceOrientationLandscapeRight";
				INFOPLIST_KEY_UISupportedInterfaceOrientations_iPhone = "UIInterfaceOrientationPortrait UIInterfaceOrientationLandscapeLeft UIInterfaceOrientationLandscapeRight";
				LD_RUNPATH_SEARCH_PATHS = (
					"$(inherited)",
					"@executable_path/Frameworks",
				);
				MARKETING_VERSION = 1.0;
				PRODUCT_BUNDLE_IDENTIFIER = "AI---.LingoLearn";
				PRODUCT_NAME = "$(TARGET_NAME)";
				STRING_CATALOG_GENERATE_SYMBOLS = YES;
				SWIFT_APPROACHABLE_CONCURRENCY = YES;
				SWIFT_DEFAULT_ACTOR_ISOLATION = MainActor;
				SWIFT_EMIT_LOC_STRINGS = YES;
				SWIFT_UPCOMING_FEATURE_MEMBER_IMPORT_VISIBILITY = YES;
				SWIFT_VERSION = 5.0;
				TARGETED_DEVICE_FAMILY = "1,2";
			};
			name = Release;
		};
		7FB717842EEF01F700553706 /* Debug */ = {
			isa = XCBuildConfiguration;
			buildSettings = {
				BUNDLE_LOADER = "$(TEST_HOST)";
				CODE_SIGN_STYLE = Automatic;
				CURRENT_PROJECT_VERSION = 1;
				GENERATE_INFOPLIST_FILE = YES;
				IPHONEOS_DEPLOYMENT_TARGET = 26.0;
				MARKETING_VERSION = 1.0;
				PRODUCT_BUNDLE_IDENTIFIER = "AI---.LingoLearnTests";
				PRODUCT_NAME = "$(TARGET_NAME)";
				STRING_CATALOG_GENERATE_SYMBOLS = NO;
				SWIFT_APPROACHABLE_CONCURRENCY = YES;
				SWIFT_EMIT_LOC_STRINGS = NO;
				SWIFT_UPCOMING_FEATURE_MEMBER_IMPORT_VISIBILITY = YES;
				SWIFT_VERSION = 5.0;
				TARGETED_DEVICE_FAMILY = "1,2";
				TEST_HOST = "$(BUILT_PRODUCTS_DIR)/LingoLearn.app/$(BUNDLE_EXECUTABLE_FOLDER_PATH)/LingoLearn";
			};
			name = Debug;
		};
		7FB717852EEF01F700553706 /* Release */ = {
			isa = XCBuildConfiguration;
			buildSettings = {
				BUNDLE_LOADER = "$(TEST_HOST)";
				CODE_SIGN_STYLE = Automatic;
				CURRENT_PROJECT_VERSION = 1;
				GENERATE_INFOPLIST_FILE = YES;
				IPHONEOS_DEPLOYMENT_TARGET = 26.0;
				MARKETING_VERSION = 1.0;
				PRODUCT_BUNDLE_IDENTIFIER = "AI---.LingoLearnTests";
				PRODUCT_NAME = "$(TARGET_NAME)";
				STRING_CATALOG_GENERATE_SYMBOLS = NO;
				SWIFT_APPROACHABLE_CONCURRENCY = YES;
				SWIFT_EMIT_LOC_STRINGS = NO;
				SWIFT_UPCOMING_FEATURE_MEMBER_IMPORT_VISIBILITY = YES;
				SWIFT_VERSION = 5.0;
				TARGETED_DEVICE_FAMILY = "1,2";
				TEST_HOST = "$(BUILT_PRODUCTS_DIR)/LingoLearn.app/$(BUNDLE_EXECUTABLE_FOLDER_PATH)/LingoLearn";
			};
			name = Release;
		};
		7FB717872EEF01F700553706 /* Debug */ = {
			isa = XCBuildConfiguration;
			buildSettings = {
				CODE_SIGN_STYLE = Automatic;
				CURRENT_PROJECT_VERSION = 1;
				GENERATE_INFOPLIST_FILE = YES;
				MARKETING_VERSION = 1.0;
				PRODUCT_BUNDLE_IDENTIFIER = "AI---.LingoLearnUITests";
				PRODUCT_NAME = "$(TARGET_NAME)";
				STRING_CATALOG_GENERATE_SYMBOLS = NO;
				SWIFT_APPROACHABLE_CONCURRENCY = YES;
				SWIFT_EMIT_LOC_STRINGS = NO;
				SWIFT_UPCOMING_FEATURE_MEMBER_IMPORT_VISIBILITY = YES;
				SWIFT_VERSION = 5.0;
				TARGETED_DEVICE_FAMILY = "1,2";
				TEST_TARGET_NAME = LingoLearn;
			};
			name = Debug;
		};
		7FB717882EEF01F700553706 /* Release */ = {
			isa = XCBuildConfiguration;
			buildSettings = {
				CODE_SIGN_STYLE = Automatic;
				CURRENT_PROJECT_VERSION = 1;
				GENERATE_INFOPLIST_FILE = YES;
				MARKETING_VERSION = 1.0;
				PRODUCT_BUNDLE_IDENTIFIER = "AI---.LingoLearnUITests";
				PRODUCT_NAME = "$(TARGET_NAME)";
				STRING_CATALOG_GENERATE_SYMBOLS = NO;
				SWIFT_APPROACHABLE_CONCURRENCY = YES;
				SWIFT_EMIT_LOC_STRINGS = NO;
				SWIFT_UPCOMING_FEATURE_MEMBER_IMPORT_VISIBILITY = YES;
				SWIFT_VERSION = 5.0;
				TARGETED_DEVICE_FAMILY = "1,2";
				TEST_TARGET_NAME = LingoLearn;
			};
			name = Release;
		};
/* End XCBuildConfiguration section */

/* Begin XCConfigurationList section */
		7FB7175A2EEF01F600553706 /* Build configuration list for PBXProject "LingoLearn" */ = {
			isa = XCConfigurationList;
			buildConfigurations = (
				7FB7177E2EEF01F700553706 /* Debug */,
				7FB7177F2EEF01F700553706 /* Release */,
			);
			defaultConfigurationIsVisible = 0;
			defaultConfigurationName = Release;
		};
		7FB717802EEF01F700553706 /* Build configuration list for PBXNativeTarget "LingoLearn" */ = {
			isa = XCConfigurationList;
			buildConfigurations = (
				7FB717812EEF01F700553706 /* Debug */,
				7FB717822EEF01F700553706 /* Release */,
			);
			defaultConfigurationIsVisible = 0;
			defaultConfigurationName = Release;
		};
		7FB717832EEF01F700553706 /* Build configuration list for PBXNativeTarget "LingoLearnTests" */ = {
			isa = XCConfigurationList;
			buildConfigurations = (
				7FB717842EEF01F700553706 /* Debug */,
				7FB717852EEF01F700553706 /* Release */,
			);
			defaultConfigurationIsVisible = 0;
			defaultConfigurationName = Release;
		};
		7FB717862EEF01F700553706 /* Build configuration list for PBXNativeTarget "LingoLearnUITests" */ = {
			isa = XCConfigurationList;
			buildConfigurations = (
				7FB717872EEF01F700553706 /* Debug */,
				7FB717882EEF01F700553706 /* Release */,
			);
			defaultConfigurationIsVisible = 0;
			defaultConfigurationName = Release;
		};
/* End XCConfigurationList section */
	};
	rootObject = 7FB717572EEF01F600553706 /* Project object */;
}
